
Microsoft Visual Studio Solution File, Format Version 12.00
# Visual Studio 15
VisualStudioVersion = 15.0.28307.1000
MinimumVisualStudioVersion = 10.0.40219.1
Project("{FAE04EC0-301F-11D3-BF4B-00C04F79EFBC}") = "Presence Check", "Presence Check\Presence Check.csproj", "{AA3ADE15-C240-4FEB-BAB7-96B345B6343F}"
EndProject
Global
	GlobalSection(SolutionConfigurationPlatforms) = preSolution
		Debug|Any CPU = Debug|Any CPU
		Release|Any CPU = Release|Any CPU
	EndGlobalSection
	GlobalSection(ProjectConfigurationPlatforms) = postSolution
		{AA3ADE15-C240-4FEB-BAB7-96B345B6343F}.Debug|Any CPU.ActiveCfg = Debug|Any CPU
		{AA3ADE15-C240-4FEB-BAB7-96B345B6343F}.Debug|Any CPU.Build.0 = Debug|Any CPU
		{AA3ADE15-C240-4FEB-BAB7-96B345B6343F}.Release|Any CPU.ActiveCfg = Release|Any CPU
		{AA3ADE15-C240-4FEB-BAB7-96B345B6343F}.Release|Any CPU.Build.0 = Release|Any CPU
	EndGlobalSection
	GlobalSection(SolutionProperties) = preSolution
		HideSolutionNode = FALSE
	EndGlobalSection
	GlobalSection(ExtensibilityGlobals) = postSolution
		SolutionGuid = {592D2194-6D2B-49EF-8587-FBECBFB33315}
	EndGlobalSection
EndGlobal
